// !$*UTF8*$!
{
	archiveVersion = 1;
	classes = {
	};
	objectVersion = 55;
	objects = {

/* Begin PBXBuildFile section */
		42B2427227F12FCE009CA32F /* CitySightsApp.swift in Sources */ = {isa = PBXBuildFile; fileRef = 42B2427127F12FCE009CA32F /* CitySightsApp.swift */; };
		42B2427427F12FCE009CA32F /* LaunchView.swift in Sources */ = {isa = PBXBuildFile; fileRef = 42B2427327F12FCE009CA32F /* LaunchView.swift */; };
		42B2427627F12FD0009CA32F /* Assets.xcassets in Resources */ = {isa = PBXBuildFile; fileRef = 42B2427527F12FD0009CA32F /* Assets.xcassets */; };
		42B2427927F12FD0009CA32F /* Preview Assets.xcassets in Resources */ = {isa = PBXBuildFile; fileRef = 42B2427827F12FD0009CA32F /* Preview Assets.xcassets */; };
		42B2428327F3D102009CA32F /* ContentModel.swift in Sources */ = {isa = PBXBuildFile; fileRef = 42B2428227F3D102009CA32F /* ContentModel.swift */; };
		42B2428727F66FEF009CA32F /* Business.swift in Sources */ = {isa = PBXBuildFile; fileRef = 42B2428627F66FEF009CA32F /* Business.swift */; };
		42B2428927F671CE009CA32F /* BusinessSearch.swift in Sources */ = {isa = PBXBuildFile; fileRef = 42B2428827F671CE009CA32F /* BusinessSearch.swift */; };
		42B2428C27F67434009CA32F /* Constants.swift in Sources */ = {isa = PBXBuildFile; fileRef = 42B2428B27F67434009CA32F /* Constants.swift */; };
		42B2429127F7F54C009CA32F /* HomeView.swift in Sources */ = {isa = PBXBuildFile; fileRef = 42B2429027F7F54C009CA32F /* HomeView.swift */; };
		42B2429427F8FA33009CA32F /* BusinessList.swift in Sources */ = {isa = PBXBuildFile; fileRef = 42B2429327F8FA33009CA32F /* BusinessList.swift */; };
		42B2429627F8FD78009CA32F /* BusinessSectionHeader.swift in Sources */ = {isa = PBXBuildFile; fileRef = 42B2429527F8FD78009CA32F /* BusinessSectionHeader.swift */; };
		42B2429827F8FE60009CA32F /* BusinessSection.swift in Sources */ = {isa = PBXBuildFile; fileRef = 42B2429727F8FE60009CA32F /* BusinessSection.swift */; };
		42B2429A27FA3A73009CA32F /* BusinessRow.swift in Sources */ = {isa = PBXBuildFile; fileRef = 42B2429927FA3A73009CA32F /* BusinessRow.swift */; };
		42B2429D27FA43FA009CA32F /* BusinessDetail.swift in Sources */ = {isa = PBXBuildFile; fileRef = 42B2429C27FA43FA009CA32F /* BusinessDetail.swift */; };
/* End PBXBuildFile section */

/* Begin PBXFileReference section */
		42B2426E27F12FCE009CA32F /* City Sights App.app */ = {isa = PBXFileReference; explicitFileType = wrapper.application; includeInIndex = 0; path = "City Sights App.app"; sourceTree = BUILT_PRODUCTS_DIR; };
		42B2427127F12FCE009CA32F /* CitySightsApp.swift */ = {isa = PBXFileReference; lastKnownFileType = sourcecode.swift; path = CitySightsApp.swift; sourceTree = "<group>"; };
		42B2427327F12FCE009CA32F /* LaunchView.swift */ = {isa = PBXFileReference; lastKnownFileType = sourcecode.swift; path = LaunchView.swift; sourceTree = "<group>"; };
		42B2427527F12FD0009CA32F /* Assets.xcassets */ = {isa = PBXFileReference; lastKnownFileType = folder.assetcatalog; path = Assets.xcassets; sourceTree = "<group>"; };
		42B2427827F12FD0009CA32F /* Preview Assets.xcassets */ = {isa = PBXFileReference; lastKnownFileType = folder.assetcatalog; path = "Preview Assets.xcassets"; sourceTree = "<group>"; };
		42B2428227F3D102009CA32F /* ContentModel.swift */ = {isa = PBXFileReference; lastKnownFileType = sourcecode.swift; path = ContentModel.swift; sourceTree = "<group>"; };
		42B2428627F66FEF009CA32F /* Business.swift */ = {isa = PBXFileReference; lastKnownFileType = sourcecode.swift; path = Business.swift; sourceTree = "<group>"; };
		42B2428827F671CE009CA32F /* BusinessSearch.swift */ = {isa = PBXFileReference; lastKnownFileType = sourcecode.swift; path = BusinessSearch.swift; sourceTree = "<group>"; };
		42B2428B27F67434009CA32F /* Constants.swift */ = {isa = PBXFileReference; lastKnownFileType = sourcecode.swift; path = Constants.swift; sourceTree = "<group>"; };
		42B2429027F7F54C009CA32F /* HomeView.swift */ = {isa = PBXFileReference; lastKnownFileType = sourcecode.swift; path = HomeView.swift; sourceTree = "<group>"; };
		42B2429327F8FA33009CA32F /* BusinessList.swift */ = {isa = PBXFileReference; lastKnownFileType = sourcecode.swift; path = BusinessList.swift; sourceTree = "<group>"; };
		42B2429527F8FD78009CA32F /* BusinessSectionHeader.swift */ = {isa = PBXFileReference; lastKnownFileType = sourcecode.swift; path = BusinessSectionHeader.swift; sourceTree = "<group>"; };
		42B2429727F8FE60009CA32F /* BusinessSection.swift */ = {isa = PBXFileReference; lastKnownFileType = sourcecode.swift; path = BusinessSection.swift; sourceTree = "<group>"; };
		42B2429927FA3A73009CA32F /* BusinessRow.swift */ = {isa = PBXFileReference; lastKnownFileType = sourcecode.swift; path = BusinessRow.swift; sourceTree = "<group>"; };
		42B2429C27FA43FA009CA32F /* BusinessDetail.swift */ = {isa = PBXFileReference; lastKnownFileType = sourcecode.swift; path = BusinessDetail.swift; sourceTree = "<group>"; };
/* End PBXFileReference section */

/* Begin PBXFrameworksBuildPhase section */
		42B2426B27F12FCE009CA32F /* Frameworks */ = {
			isa = PBXFrameworksBuildPhase;
			buildActionMask = 2147483647;
			files = (
			);
			runOnlyForDeploymentPostprocessing = 0;
		};
/* End PBXFrameworksBuildPhase section */

/* Begin PBXGroup section */
		42B2426527F12FCE009CA32F = {
			isa = PBXGroup;
			children = (
				42B2427027F12FCE009CA32F /* City Sights App */,
				42B2426F27F12FCE009CA32F /* Products */,
			);
			sourceTree = "<group>";
		};
		42B2426F27F12FCE009CA32F /* Products */ = {
			isa = PBXGroup;
			children = (
				42B2426E27F12FCE009CA32F /* City Sights App.app */,
			);
			name = Products;
			sourceTree = "<group>";
		};
		42B2427027F12FCE009CA32F /* City Sights App */ = {
			isa = PBXGroup;
			children = (
				42B2427127F12FCE009CA32F /* CitySightsApp.swift */,
				42B2428127F13052009CA32F /* Views */,
				42B2428027F1304C009CA32F /* ViewModels */,
				42B2427F27F13047009CA32F /* Models */,
				42B2428A27F6741E009CA32F /* Tools */,
				42B2427527F12FD0009CA32F /* Assets.xcassets */,
				42B2427727F12FD0009CA32F /* Preview Content */,
			);
			path = "City Sights App";
			sourceTree = "<group>";
		};
		42B2427727F12FD0009CA32F /* Preview Content */ = {
			isa = PBXGroup;
			children = (
				42B2427827F12FD0009CA32F /* Preview Assets.xcassets */,
			);
			path = "Preview Content";
			sourceTree = "<group>";
		};
		42B2427F27F13047009CA32F /* Models */ = {
			isa = PBXGroup;
			children = (
				42B2428627F66FEF009CA32F /* Business.swift */,
				42B2428827F671CE009CA32F /* BusinessSearch.swift */,
			);
			path = Models;
			sourceTree = "<group>";
		};
		42B2428027F1304C009CA32F /* ViewModels */ = {
			isa = PBXGroup;
			children = (
				42B2428227F3D102009CA32F /* ContentModel.swift */,
			);
			path = ViewModels;
			sourceTree = "<group>";
		};
		42B2428127F13052009CA32F /* Views */ = {
			isa = PBXGroup;
			children = (
				42B2428F27F7F53F009CA32F /* Home */,
				42B2428E27F7F539009CA32F /* Denied */,
				42B2428D27F7F530009CA32F /* OnBoarding */,
				42B2427327F12FCE009CA32F /* LaunchView.swift */,
			);
			path = Views;
			sourceTree = "<group>";
		};
		42B2428A27F6741E009CA32F /* Tools */ = {
			isa = PBXGroup;
			children = (
				42B2428B27F67434009CA32F /* Constants.swift */,
			);
			path = Tools;
			sourceTree = "<group>";
		};
		42B2428D27F7F530009CA32F /* OnBoarding */ = {
			isa = PBXGroup;
			children = (
			);
			path = OnBoarding;
			sourceTree = "<group>";
		};
		42B2428E27F7F539009CA32F /* Denied */ = {
			isa = PBXGroup;
			children = (
			);
			path = Denied;
			sourceTree = "<group>";
		};
		42B2428F27F7F53F009CA32F /* Home */ = {
			isa = PBXGroup;
			children = (
				42B2429027F7F54C009CA32F /* HomeView.swift */,
				42B2429227F7F974009CA32F /* List */,
			);
			path = Home;
			sourceTree = "<group>";
		};
		42B2429227F7F974009CA32F /* List */ = {
			isa = PBXGroup;
			children = (
				42B2429B27FA43DF009CA32F /* Detail */,
				42B2429327F8FA33009CA32F /* BusinessList.swift */,
				42B2429527F8FD78009CA32F /* BusinessSectionHeader.swift */,
				42B2429727F8FE60009CA32F /* BusinessSection.swift */,
				42B2429927FA3A73009CA32F /* BusinessRow.swift */,
			);
			path = List;
			sourceTree = "<group>";
		};
		42B2429B27FA43DF009CA32F /* Detail */ = {
			isa = PBXGroup;
			children = (
				42B2429C27FA43FA009CA32F /* BusinessDetail.swift */,
			);
			path = Detail;
			sourceTree = "<group>";
		};
/* End PBXGroup section */

/* Begin PBXNativeTarget section */
		42B2426D27F12FCE009CA32F /* City Sights App */ = {
			isa = PBXNativeTarget;
			buildConfigurationList = 42B2427C27F12FD0009CA32F /* Build configuration list for PBXNativeTarget "City Sights App" */;
			buildPhases = (
				42B2426A27F12FCE009CA32F /* Sources */,
				42B2426B27F12FCE009CA32F /* Frameworks */,
				42B2426C27F12FCE009CA32F /* Resources */,
			);
			buildRules = (
			);
			dependencies = (
			);
			name = "City Sights App";
			productName = "City Sights App";
			productReference = 42B2426E27F12FCE009CA32F /* City Sights App.app */;
			productType = "com.apple.product-type.application";
		};
/* End PBXNativeTarget section */

/* Begin PBXProject section */
		42B2426627F12FCE009CA32F /* Project object */ = {
			isa = PBXProject;
			attributes = {
				BuildIndependentTargetsInParallel = 1;
				LastSwiftUpdateCheck = 1320;
				LastUpgradeCheck = 1320;
				TargetAttributes = {
					42B2426D27F12FCE009CA32F = {
						CreatedOnToolsVersion = 13.2.1;
					};
				};
			};
			buildConfigurationList = 42B2426927F12FCE009CA32F /* Build configuration list for PBXProject "City Sights App" */;
			compatibilityVersion = "Xcode 13.0";
			developmentRegion = en;
			hasScannedForEncodings = 0;
			knownRegions = (
				en,
				Base,
			);
			mainGroup = 42B2426527F12FCE009CA32F;
			productRefGroup = 42B2426F27F12FCE009CA32F /* Products */;
			projectDirPath = "";
			projectRoot = "";
			targets = (
				42B2426D27F12FCE009CA32F /* City Sights App */,
			);
		};
/* End PBXProject section */

/* Begin PBXResourcesBuildPhase section */
		42B2426C27F12FCE009CA32F /* Resources */ = {
			isa = PBXResourcesBuildPhase;
			buildActionMask = 2147483647;
			files = (
				42B2427927F12FD0009CA32F /* Preview Assets.xcassets in Resources */,
				42B2427627F12FD0009CA32F /* Assets.xcassets in Resources */,
			);
			runOnlyForDeploymentPostprocessing = 0;
		};
/* End PBXResourcesBuildPhase section */

/* Begin PBXSourcesBuildPhase section */
		42B2426A27F12FCE009CA32F /* Sources */ = {
			isa = PBXSourcesBuildPhase;
			buildActionMask = 2147483647;
			files = (
				42B2427427F12FCE009CA32F /* LaunchView.swift in Sources */,
				42B2429A27FA3A73009CA32F /* BusinessRow.swift in Sources */,
				42B2429127F7F54C009CA32F /* HomeView.swift in Sources */,
				42B2428727F66FEF009CA32F /* Business.swift in Sources */,
				42B2429627F8FD78009CA32F /* BusinessSectionHeader.swift in Sources */,
				42B2427227F12FCE009CA32F /* CitySightsApp.swift in Sources */,
				42B2429D27FA43FA009CA32F /* BusinessDetail.swift in Sources */,
				42B2428927F671CE009CA32F /* BusinessSearch.swift in Sources */,
				42B2429427F8FA33009CA32F /* BusinessList.swift in Sources */,
				42B2429827F8FE60009CA32F /* BusinessSection.swift in Sources */,
				42B2428327F3D102009CA32F /* ContentModel.swift in Sources */,
				42B2428C27F67434009CA32F /* Constants.swift in Sources */,
			);
			runOnlyForDeploymentPostprocessing = 0;
		};
/* End PBXSourcesBuildPhase section */

/* Begin XCBuildConfiguration section */
		42B2427A27F12FD0009CA32F /* Debug */ = {
			isa = XCBuildConfiguration;
			buildSettings = {
				ALWAYS_SEARCH_USER_PATHS = NO;
				CLANG_ANALYZER_NONNULL = YES;
				CLANG_ANALYZER_NUMBER_OBJECT_CONVERSION = YES_AGGRESSIVE;
				CLANG_CXX_LANGUAGE_STANDARD = "gnu++17";
				CLANG_CXX_LIBRARY = "libc++";
				CLANG_ENABLE_MODULES = YES;
				CLANG_ENABLE_OBJC_ARC = YES;
				CLANG_ENABLE_OBJC_WEAK = YES;
				CLANG_WARN_BLOCK_CAPTURE_AUTORELEASING = YES;
				CLANG_WARN_BOOL_CONVERSION = YES;
				CLANG_WARN_COMMA = YES;
				CLANG_WARN_CONSTANT_CONVERSION = YES;
				CLANG_WARN_DEPRECATED_OBJC_IMPLEMENTATIONS = YES;
				CLANG_WARN_DIRECT_OBJC_ISA_USAGE = YES_ERROR;
				CLANG_WARN_DOCUMENTATION_COMMENTS = YES;
				CLANG_WARN_EMPTY_BODY = YES;
				CLANG_WARN_ENUM_CONVERSION = YES;
				CLANG_WARN_INFINITE_RECURSION = YES;
				CLANG_WARN_INT_CONVERSION = YES;
				CLANG_WARN_NON_LITERAL_NULL_CONVERSION = YES;
				CLANG_WARN_OBJC_IMPLICIT_RETAIN_SELF = YES;
				CLANG_WARN_OBJC_LITERAL_CONVERSION = YES;
				CLANG_WARN_OBJC_ROOT_CLASS = YES_ERROR;
				CLANG_WARN_QUOTED_INCLUDE_IN_FRAMEWORK_HEADER = YES;
				CLANG_WARN_RANGE_LOOP_ANALYSIS = YES;
				CLANG_WARN_STRICT_PROTOTYPES = YES;
				CLANG_WARN_SUSPICIOUS_MOVE = YES;
				CLANG_WARN_UNGUARDED_AVAILABILITY = YES_AGGRESSIVE;
				CLANG_WARN_UNREACHABLE_CODE = YES;
				CLANG_WARN__DUPLICATE_METHOD_MATCH = YES;
				COPY_PHASE_STRIP = NO;
				DEBUG_INFORMATION_FORMAT = dwarf;
				ENABLE_STRICT_OBJC_MSGSEND = YES;
				ENABLE_TESTABILITY = YES;
				GCC_C_LANGUAGE_STANDARD = gnu11;
				GCC_DYNAMIC_NO_PIC = NO;
				GCC_NO_COMMON_BLOCKS = YES;
				GCC_OPTIMIZATION_LEVEL = 0;
				GCC_PREPROCESSOR_DEFINITIONS = (
					"DEBUG=1",
					"$(inherited)",
				);
				GCC_WARN_64_TO_32_BIT_CONVERSION = YES;
				GCC_WARN_ABOUT_RETURN_TYPE = YES_ERROR;
				GCC_WARN_UNDECLARED_SELECTOR = YES;
				GCC_WARN_UNINITIALIZED_AUTOS = YES_AGGRESSIVE;
				GCC_WARN_UNUSED_FUNCTION = YES;
				GCC_WARN_UNUSED_VARIABLE = YES;
				IPHONEOS_DEPLOYMENT_TARGET = 15.2;
				MTL_ENABLE_DEBUG_INFO = INCLUDE_SOURCE;
				MTL_FAST_MATH = YES;
				ONLY_ACTIVE_ARCH = YES;
				SDKROOT = iphoneos;
				SWIFT_ACTIVE_COMPILATION_CONDITIONS = DEBUG;
				SWIFT_OPTIMIZATION_LEVEL = "-Onone";
			};
			name = Debug;
		};
		42B2427B27F12FD0009CA32F /* Release */ = {
			isa = XCBuildConfiguration;
			buildSettings = {
				ALWAYS_SEARCH_USER_PATHS = NO;
				CLANG_ANALYZER_NONNULL = YES;
				CLANG_ANALYZER_NUMBER_OBJECT_CONVERSION = YES_AGGRESSIVE;
				CLANG_CXX_LANGUAGE_STANDARD = "gnu++17";
				CLANG_CXX_LIBRARY = "libc++";
				CLANG_ENABLE_MODULES = YES;
				CLANG_ENABLE_OBJC_ARC = YES;
				CLANG_ENABLE_OBJC_WEAK = YES;
				CLANG_WARN_BLOCK_CAPTURE_AUTORELEASING = YES;
				CLANG_WARN_BOOL_CONVERSION = YES;
				CLANG_WARN_COMMA = YES;
				CLANG_WARN_CONSTANT_CONVERSION = YES;
				CLANG_WARN_DEPRECATED_OBJC_IMPLEMENTATIONS = YES;
				CLANG_WARN_DIRECT_OBJC_ISA_USAGE = YES_ERROR;
				CLANG_WARN_DOCUMENTATION_COMMENTS = YES;
				CLANG_WARN_EMPTY_BODY = YES;
				CLANG_WARN_ENUM_CONVERSION = YES;
				CLANG_WARN_INFINITE_RECURSION = YES;
				CLANG_WARN_INT_CONVERSION = YES;
				CLANG_WARN_NON_LITERAL_NULL_CONVERSION = YES;
				CLANG_WARN_OBJC_IMPLICIT_RETAIN_SELF = YES;
				CLANG_WARN_OBJC_LITERAL_CONVERSION = YES;
				CLANG_WARN_OBJC_ROOT_CLASS = YES_ERROR;
				CLANG_WARN_QUOTED_INCLUDE_IN_FRAMEWORK_HEADER = YES;
				CLANG_WARN_RANGE_LOOP_ANALYSIS = YES;
				CLANG_WARN_STRICT_PROTOTYPES = YES;
				CLANG_WARN_SUSPICIOUS_MOVE = YES;
				CLANG_WARN_UNGUARDED_AVAILABILITY = YES_AGGRESSIVE;
				CLANG_WARN_UNREACHABLE_CODE = YES;
				CLANG_WARN__DUPLICATE_METHOD_MATCH = YES;
				COPY_PHASE_STRIP = NO;
				DEBUG_INFORMATION_FORMAT = "dwarf-with-dsym";
				ENABLE_NS_ASSERTIONS = NO;
				ENABLE_STRICT_OBJC_MSGSEND = YES;
				GCC_C_LANGUAGE_STANDARD = gnu11;
				GCC_NO_COMMON_BLOCKS = YES;
				GCC_WARN_64_TO_32_BIT_CONVERSION = YES;
				GCC_WARN_ABOUT_RETURN_TYPE = YES_ERROR;
				GCC_WARN_UNDECLARED_SELECTOR = YES;
				GCC_WARN_UNINITIALIZED_AUTOS = YES_AGGRESSIVE;
				GCC_WARN_UNUSED_FUNCTION = YES;
				GCC_WARN_UNUSED_VARIABLE = YES;
				IPHONEOS_DEPLOYMENT_TARGET = 15.2;
				MTL_ENABLE_DEBUG_INFO = NO;
				MTL_FAST_MATH = YES;
				SDKROOT = iphoneos;
				SWIFT_COMPILATION_MODE = wholemodule;
				SWIFT_OPTIMIZATION_LEVEL = "-O";
				VALIDATE_PRODUCT = YES;
			};
			name = Release;
		};
		42B2427D27F12FD0009CA32F /* Debug */ = {
			isa = XCBuildConfiguration;
			buildSettings = {
				ASSETCATALOG_COMPILER_APPICON_NAME = AppIcon;
				ASSETCATALOG_COMPILER_GLOBAL_ACCENT_COLOR_NAME = AccentColor;
				CODE_SIGN_STYLE = Automatic;
				CURRENT_PROJECT_VERSION = 1;
				DEVELOPMENT_ASSET_PATHS = "\"City Sights App/Preview Content\"";
				DEVELOPMENT_TEAM = WPY6YJL9TD;
				ENABLE_PREVIEWS = YES;
				GENERATE_INFOPLIST_FILE = YES;
				INFOPLIST_KEY_NSLocationWhenInUseUsageDescription = "Grant permission to show nearby restaurants and sites";
				INFOPLIST_KEY_UIApplicationSceneManifest_Generation = YES;
				INFOPLIST_KEY_UIApplicationSupportsIndirectInputEvents = YES;
				INFOPLIST_KEY_UILaunchScreen_Generation = YES;
				INFOPLIST_KEY_UISupportedInterfaceOrientations_iPad = "UIInterfaceOrientationPortrait UIInterfaceOrientationPortraitUpsideDown UIInterfaceOrientationLandscapeLeft UIInterfaceOrientationLandscapeRight";
				INFOPLIST_KEY_UISupportedInterfaceOrientations_iPhone = "UIInterfaceOrientationPortrait UIInterfaceOrientationLandscapeLeft UIInterfaceOrientationLandscapeRight";
				LD_RUNPATH_SEARCH_PATHS = (
					"$(inherited)",
					"@executable_path/Frameworks",
				);
				MARKETING_VERSION = 1.0;
				PRODUCT_BUNDLE_IDENTIFIER = "jm.com.City-Sights-App";
				PRODUCT_NAME = "$(TARGET_NAME)";
				SWIFT_EMIT_LOC_STRINGS = YES;
				SWIFT_VERSION = 5.0;
				TARGETED_DEVICE_FAMILY = "1,2";
			};
			name = Debug;
		};
		42B2427E27F12FD0009CA32F /* Release */ = {
			isa = XCBuildConfiguration;
			buildSettings = {
				ASSETCATALOG_COMPILER_APPICON_NAME = AppIcon;
				ASSETCATALOG_COMPILER_GLOBAL_ACCENT_COLOR_NAME = AccentColor;
				CODE_SIGN_STYLE = Automatic;
				CURRENT_PROJECT_VERSION = 1;
				DEVELOPMENT_ASSET_PATHS = "\"City Sights App/Preview Content\"";
				DEVELOPMENT_TEAM = WPY6YJL9TD;
				ENABLE_PREVIEWS = YES;
				GENERATE_INFOPLIST_FILE = YES;
				INFOPLIST_KEY_NSLocationWhenInUseUsageDescription = "Grant permission to show nearby restaurants and sites";
				INFOPLIST_KEY_UIApplicationSceneManifest_Generation = YES;
				INFOPLIST_KEY_UIApplicationSupportsIndirectInputEvents = YES;
				INFOPLIST_KEY_UILaunchScreen_Generation = YES;
				INFOPLIST_KEY_UISupportedInterfaceOrientations_iPad = "UIInterfaceOrientationPortrait UIInterfaceOrientationPortraitUpsideDown UIInterfaceOrientationLandscapeLeft UIInterfaceOrientationLandscapeRight";
				INFOPLIST_KEY_UISupportedInterfaceOrientations_iPhone = "UIInterfaceOrientationPortrait UIInterfaceOrientationLandscapeLeft UIInterfaceOrientationLandscapeRight";
				LD_RUNPATH_SEARCH_PATHS = (
					"$(inherited)",
					"@executable_path/Frameworks",
				);
				MARKETING_VERSION = 1.0;
				PRODUCT_BUNDLE_IDENTIFIER = "jm.com.City-Sights-App";
				PRODUCT_NAME = "$(TARGET_NAME)";
				SWIFT_EMIT_LOC_STRINGS = YES;
				SWIFT_VERSION = 5.0;
				TARGETED_DEVICE_FAMILY = "1,2";
			};
			name = Release;
		};
/* End XCBuildConfiguration section */

/* Begin XCConfigurationList section */
		42B2426927F12FCE009CA32F /* Build configuration list for PBXProject "City Sights App" */ = {
			isa = XCConfigurationList;
			buildConfigurations = (
				42B2427A27F12FD0009CA32F /* Debug */,
				42B2427B27F12FD0009CA32F /* Release */,
			);
			defaultConfigurationIsVisible = 0;
			defaultConfigurationName = Release;
		};
		42B2427C27F12FD0009CA32F /* Build configuration list for PBXNativeTarget "City Sights App" */ = {
			isa = XCConfigurationList;
			buildConfigurations = (
				42B2427D27F12FD0009CA32F /* Debug */,
				42B2427E27F12FD0009CA32F /* Release */,
			);
			defaultConfigurationIsVisible = 0;
			defaultConfigurationName = Release;
		};
/* End XCConfigurationList section */
	};
	rootObject = 42B2426627F12FCE009CA32F /* Project object */;
}
